
Microsoft Visual Studio Solution File, Format Version 12.00
# Visual Studio Version 17
VisualStudioVersion = 17.2.32516.85
MinimumVisualStudioVersion = 10.0.40219.1
Project("{FAE04EC0-301F-11D3-BF4B-00C04F79EFBC}") = "Exercicios-Prova-3", "Exercicios-Prova-3\Exercicios-Prova-3.csproj", "{4BC8E5B5-05C8-4B19-BCBD-67076ECEC0DC}"
EndProject
Global
	GlobalSection(SolutionConfigurationPlatforms) = preSolution
		Debug|Any CPU = Debug|Any CPU
		Release|Any CPU = Release|Any CPU
	EndGlobalSection
	GlobalSection(ProjectConfigurationPlatforms) = postSolution
		{4BC8E5B5-05C8-4B19-BCBD-67076ECEC0DC}.Debug|Any CPU.ActiveCfg = Debug|Any CPU
		{4BC8E5B5-05C8-4B19-BCBD-67076ECEC0DC}.Debug|Any CPU.Build.0 = Debug|Any CPU
		{4BC8E5B5-05C8-4B19-BCBD-67076ECEC0DC}.Release|Any CPU.ActiveCfg = Release|Any CPU
		{4BC8E5B5-05C8-4B19-BCBD-67076ECEC0DC}.Release|Any CPU.Build.0 = Release|Any CPU
	EndGlobalSection
	GlobalSection(SolutionProperties) = preSolution
		HideSolutionNode = FALSE
	EndGlobalSection
	GlobalSection(ExtensibilityGlobals) = postSolution
		SolutionGuid = {C6AD8DF5-86A8-4B36-8F35-496E15D2C218}
	EndGlobalSection
EndGlobal
